
Microsoft Visual Studio Solution File, Format Version 12.00
# Visual Studio Version 16
VisualStudioVersion = 16.0.30804.86
MinimumVisualStudioVersion = 10.0.40219.1
Project("{9A19103F-16F7-4668-BE54-9A1E7A4F7556}") = "MegoTest.Service", "MegoTest.Service\MegoTest.Service.csproj", "{37E87D8F-A01D-4FC0-923D-701A637D2BC5}"
EndProject
Project("{9A19103F-16F7-4668-BE54-9A1E7A4F7556}") = "MegoTest.Common", "MegoTest.Common\MegoTest.Common.csproj", "{36C0FA89-0CF1-47A2-B2B6-99769EF71E29}"
EndProject
Project("{9A19103F-16F7-4668-BE54-9A1E7A4F7556}") = "MegoTest.DAL", "MegoTest.DAL\MegoTest.DAL.csproj", "{65BC057B-4429-4EF5-BF91-2F7E26E81E0C}"
EndProject
Project("{9A19103F-16F7-4668-BE54-9A1E7A4F7556}") = "MegoTest.WEB", "MegoTest.WEB\MegoTest.WEB.csproj", "{C1261C66-9841-4E02-BB84-9D5BE14A1BA1}"
EndProject
Project("{9A19103F-16F7-4668-BE54-9A1E7A4F7556}") = "MegoTest.API.Test", "MegoTest.API.Test\MegoTest.API.Test.csproj", "{035719A4-203E-464A-9D2D-E56657E5613F}"
EndProject
Project("{FAE04EC0-301F-11D3-BF4B-00C04F79EFBC}") = "MegoTest.Data", "MegoTest.Data\MegoTest.Data.csproj", "{057EF38B-66C7-404F-92C0-A2CF5F0AFED9}"
EndProject
Global
	GlobalSection(SolutionConfigurationPlatforms) = preSolution
		Debug|Any CPU = Debug|Any CPU
		Release|Any CPU = Release|Any CPU
	EndGlobalSection
	GlobalSection(ProjectConfigurationPlatforms) = postSolution
		{37E87D8F-A01D-4FC0-923D-701A637D2BC5}.Debug|Any CPU.ActiveCfg = Debug|Any CPU
		{37E87D8F-A01D-4FC0-923D-701A637D2BC5}.Debug|Any CPU.Build.0 = Debug|Any CPU
		{37E87D8F-A01D-4FC0-923D-701A637D2BC5}.Release|Any CPU.ActiveCfg = Release|Any CPU
		{37E87D8F-A01D-4FC0-923D-701A637D2BC5}.Release|Any CPU.Build.0 = Release|Any CPU
		{36C0FA89-0CF1-47A2-B2B6-99769EF71E29}.Debug|Any CPU.ActiveCfg = Debug|Any CPU
		{36C0FA89-0CF1-47A2-B2B6-99769EF71E29}.Debug|Any CPU.Build.0 = Debug|Any CPU
		{36C0FA89-0CF1-47A2-B2B6-99769EF71E29}.Release|Any CPU.ActiveCfg = Release|Any CPU
		{36C0FA89-0CF1-47A2-B2B6-99769EF71E29}.Release|Any CPU.Build.0 = Release|Any CPU
		{65BC057B-4429-4EF5-BF91-2F7E26E81E0C}.Debug|Any CPU.ActiveCfg = Debug|Any CPU
		{65BC057B-4429-4EF5-BF91-2F7E26E81E0C}.Debug|Any CPU.Build.0 = Debug|Any CPU
		{65BC057B-4429-4EF5-BF91-2F7E26E81E0C}.Release|Any CPU.ActiveCfg = Release|Any CPU
		{65BC057B-4429-4EF5-BF91-2F7E26E81E0C}.Release|Any CPU.Build.0 = Release|Any CPU
		{C1261C66-9841-4E02-BB84-9D5BE14A1BA1}.Debug|Any CPU.ActiveCfg = Debug|Any CPU
		{C1261C66-9841-4E02-BB84-9D5BE14A1BA1}.Debug|Any CPU.Build.0 = Debug|Any CPU
		{C1261C66-9841-4E02-BB84-9D5BE14A1BA1}.Release|Any CPU.ActiveCfg = Release|Any CPU
		{C1261C66-9841-4E02-BB84-9D5BE14A1BA1}.Release|Any CPU.Build.0 = Release|Any CPU
		{035719A4-203E-464A-9D2D-E56657E5613F}.Debug|Any CPU.ActiveCfg = Debug|Any CPU
		{035719A4-203E-464A-9D2D-E56657E5613F}.Debug|Any CPU.Build.0 = Debug|Any CPU
		{035719A4-203E-464A-9D2D-E56657E5613F}.Release|Any CPU.ActiveCfg = Release|Any CPU
		{035719A4-203E-464A-9D2D-E56657E5613F}.Release|Any CPU.Build.0 = Release|Any CPU
		{057EF38B-66C7-404F-92C0-A2CF5F0AFED9}.Debug|Any CPU.ActiveCfg = Debug|Any CPU
		{057EF38B-66C7-404F-92C0-A2CF5F0AFED9}.Debug|Any CPU.Build.0 = Debug|Any CPU
		{057EF38B-66C7-404F-92C0-A2CF5F0AFED9}.Release|Any CPU.ActiveCfg = Release|Any CPU
		{057EF38B-66C7-404F-92C0-A2CF5F0AFED9}.Release|Any CPU.Build.0 = Release|Any CPU
	EndGlobalSection
	GlobalSection(SolutionProperties) = preSolution
		HideSolutionNode = FALSE
	EndGlobalSection
	GlobalSection(ExtensibilityGlobals) = postSolution
		SolutionGuid = {F14D3734-60E9-4A4F-8326-9D7B7DCD49FF}
	EndGlobalSection
EndGlobal
